// !$*UTF8*$!
{
	archiveVersion = 1;
	classes = {
	};
	objectVersion = 56;
	objects = {

/* Begin PBXBuildFile section */
		B96197BD2C3EC8BA0038BB23 /* AppDelegate.swift in Sources */ = {isa = PBXBuildFile; fileRef = B96197BC2C3EC8BA0038BB23 /* AppDelegate.swift */; };
		B96197BF2C3EC8BA0038BB23 /* SceneDelegate.swift in Sources */ = {isa = PBXBuildFile; fileRef = B96197BE2C3EC8BA0038BB23 /* SceneDelegate.swift */; };
		B96197C12C3EC8BA0038BB23 /* HomeViewController.swift in Sources */ = {isa = PBXBuildFile; fileRef = B96197C02C3EC8BA0038BB23 /* HomeViewController.swift */; };
		B96197C62C3EC8BB0038BB23 /* Assets.xcassets in Resources */ = {isa = PBXBuildFile; fileRef = B96197C52C3EC8BB0038BB23 /* Assets.xcassets */; };
		B96197C92C3EC8BB0038BB23 /* Base in Resources */ = {isa = PBXBuildFile; fileRef = B96197C82C3EC8BB0038BB23 /* Base */; };
		B96197D72C3ED6A40038BB23 /* City.swift in Sources */ = {isa = PBXBuildFile; fileRef = B96197D62C3ED6A40038BB23 /* City.swift */; };
		B96197D92C3ED7500038BB23 /* AdministrativeArea.swift in Sources */ = {isa = PBXBuildFile; fileRef = B96197D82C3ED7500038BB23 /* AdministrativeArea.swift */; };
		B96197DB2C3ED83C0038BB23 /* Country.swift in Sources */ = {isa = PBXBuildFile; fileRef = B96197DA2C3ED83C0038BB23 /* Country.swift */; };
		B96197E02C3EDD690038BB23 /* Constants.swift in Sources */ = {isa = PBXBuildFile; fileRef = B96197DF2C3EDD690038BB23 /* Constants.swift */; };
		B96197E22C3EDDEE0038BB23 /* AnyNetworkingService.swift in Sources */ = {isa = PBXBuildFile; fileRef = B96197E12C3EDDEE0038BB23 /* AnyNetworkingService.swift */; };
		B96197E42C3EDEAA0038BB23 /* NetworkingService.swift in Sources */ = {isa = PBXBuildFile; fileRef = B96197E32C3EDEAA0038BB23 /* NetworkingService.swift */; };
		B96197E92C3EE03D0038BB23 /* NetworkingError.swift in Sources */ = {isa = PBXBuildFile; fileRef = B96197E82C3EE03D0038BB23 /* NetworkingError.swift */; };
		B96197EC2C3EE5C60038BB23 /* CitiesRepository.swift in Sources */ = {isa = PBXBuildFile; fileRef = B96197EB2C3EE5C60038BB23 /* CitiesRepository.swift */; };
		B96197EF2C3EE97A0038BB23 /* HomeViewController+TableView.swift in Sources */ = {isa = PBXBuildFile; fileRef = B96197EE2C3EE97A0038BB23 /* HomeViewController+TableView.swift */; };
		B96197F22C3EEA7F0038BB23 /* CityCell.swift in Sources */ = {isa = PBXBuildFile; fileRef = B96197F12C3EEA7F0038BB23 /* CityCell.swift */; };
		B96197F42C3F19510038BB23 /* ViewState.swift in Sources */ = {isa = PBXBuildFile; fileRef = B96197F32C3F19510038BB23 /* ViewState.swift */; };
		B96197F82C3F1AEC0038BB23 /* InformationView.swift in Sources */ = {isa = PBXBuildFile; fileRef = B96197F72C3F1AEC0038BB23 /* InformationView.swift */; };
		B96197FA2C3FD7AB0038BB23 /* AppIcon.swift in Sources */ = {isa = PBXBuildFile; fileRef = B96197F92C3FD7AB0038BB23 /* AppIcon.swift */; };
		B96197FC2C3FE8AB0038BB23 /* HomeViewController+SearchBar.swift in Sources */ = {isa = PBXBuildFile; fileRef = B96197FB2C3FE8AB0038BB23 /* HomeViewController+SearchBar.swift */; };
/* End PBXBuildFile section */

/* Begin PBXFileReference section */
		B96197B92C3EC8BA0038BB23 /* WeatherApp.app */ = {isa = PBXFileReference; explicitFileType = wrapper.application; includeInIndex = 0; path = WeatherApp.app; sourceTree = BUILT_PRODUCTS_DIR; };
		B96197BC2C3EC8BA0038BB23 /* AppDelegate.swift */ = {isa = PBXFileReference; lastKnownFileType = sourcecode.swift; path = AppDelegate.swift; sourceTree = "<group>"; };
		B96197BE2C3EC8BA0038BB23 /* SceneDelegate.swift */ = {isa = PBXFileReference; lastKnownFileType = sourcecode.swift; path = SceneDelegate.swift; sourceTree = "<group>"; };
		B96197C02C3EC8BA0038BB23 /* HomeViewController.swift */ = {isa = PBXFileReference; lastKnownFileType = sourcecode.swift; path = HomeViewController.swift; sourceTree = "<group>"; };
		B96197C52C3EC8BB0038BB23 /* Assets.xcassets */ = {isa = PBXFileReference; lastKnownFileType = folder.assetcatalog; path = Assets.xcassets; sourceTree = "<group>"; };
		B96197C82C3EC8BB0038BB23 /* Base */ = {isa = PBXFileReference; lastKnownFileType = file.storyboard; name = Base; path = Base.lproj/LaunchScreen.storyboard; sourceTree = "<group>"; };
		B96197CA2C3EC8BB0038BB23 /* Info.plist */ = {isa = PBXFileReference; lastKnownFileType = text.plist.xml; path = Info.plist; sourceTree = "<group>"; };
		B96197D62C3ED6A40038BB23 /* City.swift */ = {isa = PBXFileReference; lastKnownFileType = sourcecode.swift; path = City.swift; sourceTree = "<group>"; };
		B96197D82C3ED7500038BB23 /* AdministrativeArea.swift */ = {isa = PBXFileReference; lastKnownFileType = sourcecode.swift; path = AdministrativeArea.swift; sourceTree = "<group>"; };
		B96197DA2C3ED83C0038BB23 /* Country.swift */ = {isa = PBXFileReference; lastKnownFileType = sourcecode.swift; path = Country.swift; sourceTree = "<group>"; };
		B96197DF2C3EDD690038BB23 /* Constants.swift */ = {isa = PBXFileReference; lastKnownFileType = sourcecode.swift; path = Constants.swift; sourceTree = "<group>"; };
		B96197E12C3EDDEE0038BB23 /* AnyNetworkingService.swift */ = {isa = PBXFileReference; lastKnownFileType = sourcecode.swift; path = AnyNetworkingService.swift; sourceTree = "<group>"; };
		B96197E32C3EDEAA0038BB23 /* NetworkingService.swift */ = {isa = PBXFileReference; lastKnownFileType = sourcecode.swift; path = NetworkingService.swift; sourceTree = "<group>"; };
		B96197E82C3EE03D0038BB23 /* NetworkingError.swift */ = {isa = PBXFileReference; lastKnownFileType = sourcecode.swift; path = NetworkingError.swift; sourceTree = "<group>"; };
		B96197EB2C3EE5C60038BB23 /* CitiesRepository.swift */ = {isa = PBXFileReference; lastKnownFileType = sourcecode.swift; path = CitiesRepository.swift; sourceTree = "<group>"; };
		B96197EE2C3EE97A0038BB23 /* HomeViewController+TableView.swift */ = {isa = PBXFileReference; lastKnownFileType = sourcecode.swift; path = "HomeViewController+TableView.swift"; sourceTree = "<group>"; };
		B96197F12C3EEA7F0038BB23 /* CityCell.swift */ = {isa = PBXFileReference; lastKnownFileType = sourcecode.swift; path = CityCell.swift; sourceTree = "<group>"; };
		B96197F32C3F19510038BB23 /* ViewState.swift */ = {isa = PBXFileReference; lastKnownFileType = sourcecode.swift; path = ViewState.swift; sourceTree = "<group>"; };
		B96197F72C3F1AEC0038BB23 /* InformationView.swift */ = {isa = PBXFileReference; lastKnownFileType = sourcecode.swift; path = InformationView.swift; sourceTree = "<group>"; };
		B96197F92C3FD7AB0038BB23 /* AppIcon.swift */ = {isa = PBXFileReference; lastKnownFileType = sourcecode.swift; path = AppIcon.swift; sourceTree = "<group>"; };
		B96197FB2C3FE8AB0038BB23 /* HomeViewController+SearchBar.swift */ = {isa = PBXFileReference; lastKnownFileType = sourcecode.swift; path = "HomeViewController+SearchBar.swift"; sourceTree = "<group>"; };
/* End PBXFileReference section */

/* Begin PBXFrameworksBuildPhase section */
		B96197B62C3EC8BA0038BB23 /* Frameworks */ = {
			isa = PBXFrameworksBuildPhase;
			buildActionMask = 2147483647;
			files = (
			);
			runOnlyForDeploymentPostprocessing = 0;
		};
/* End PBXFrameworksBuildPhase section */

/* Begin PBXGroup section */
		B96197B02C3EC8BA0038BB23 = {
			isa = PBXGroup;
			children = (
				B96197BB2C3EC8BA0038BB23 /* WeatherApp */,
				B96197BA2C3EC8BA0038BB23 /* Products */,
			);
			sourceTree = "<group>";
		};
		B96197BA2C3EC8BA0038BB23 /* Products */ = {
			isa = PBXGroup;
			children = (
				B96197B92C3EC8BA0038BB23 /* WeatherApp.app */,
			);
			name = Products;
			sourceTree = "<group>";
		};
		B96197BB2C3EC8BA0038BB23 /* WeatherApp */ = {
			isa = PBXGroup;
			children = (
				B96197F02C3EEA680038BB23 /* Views */,
				B96197ED2C3EE94D0038BB23 /* Home */,
				B96197EA2C3EE5880038BB23 /* Repositories */,
				B96197DE2C3EDD5A0038BB23 /* Utilities */,
				B96197DC2C3ED9AB0038BB23 /* Services */,
				B96197D52C3ED6520038BB23 /* Models */,
				B96197D12C3ECBAB0038BB23 /* Assets */,
				B96197D02C3ECA560038BB23 /* App */,
				B96197CA2C3EC8BB0038BB23 /* Info.plist */,
			);
			path = WeatherApp;
			sourceTree = "<group>";
		};
		B96197D02C3ECA560038BB23 /* App */ = {
			isa = PBXGroup;
			children = (
				B96197BC2C3EC8BA0038BB23 /* AppDelegate.swift */,
				B96197BE2C3EC8BA0038BB23 /* SceneDelegate.swift */,
			);
			path = App;
			sourceTree = "<group>";
		};
		B96197D12C3ECBAB0038BB23 /* Assets */ = {
			isa = PBXGroup;
			children = (
				B96197C52C3EC8BB0038BB23 /* Assets.xcassets */,
				B96197C72C3EC8BB0038BB23 /* LaunchScreen.storyboard */,
			);
			path = Assets;
			sourceTree = "<group>";
		};
		B96197D52C3ED6520038BB23 /* Models */ = {
			isa = PBXGroup;
			children = (
				B96197D62C3ED6A40038BB23 /* City.swift */,
				B96197D82C3ED7500038BB23 /* AdministrativeArea.swift */,
				B96197DA2C3ED83C0038BB23 /* Country.swift */,
			);
			path = Models;
			sourceTree = "<group>";
		};
		B96197DC2C3ED9AB0038BB23 /* Services */ = {
			isa = PBXGroup;
			children = (
				B96197DD2C3ED9B30038BB23 /* Networking */,
			);
			path = Services;
			sourceTree = "<group>";
		};
		B96197DD2C3ED9B30038BB23 /* Networking */ = {
			isa = PBXGroup;
			children = (
				B96197E62C3EE01E0038BB23 /* Errors */,
				B96197E52C3EE0100038BB23 /* Protocols */,
				B96197E32C3EDEAA0038BB23 /* NetworkingService.swift */,
			);
			path = Networking;
			sourceTree = "<group>";
		};
		B96197DE2C3EDD5A0038BB23 /* Utilities */ = {
			isa = PBXGroup;
			children = (
				B96197DF2C3EDD690038BB23 /* Constants.swift */,
				B96197F32C3F19510038BB23 /* ViewState.swift */,
				B96197F92C3FD7AB0038BB23 /* AppIcon.swift */,
			);
			path = Utilities;
			sourceTree = "<group>";
		};
		B96197E52C3EE0100038BB23 /* Protocols */ = {
			isa = PBXGroup;
			children = (
				B96197E12C3EDDEE0038BB23 /* AnyNetworkingService.swift */,
			);
			path = Protocols;
			sourceTree = "<group>";
		};
		B96197E62C3EE01E0038BB23 /* Errors */ = {
			isa = PBXGroup;
			children = (
				B96197E82C3EE03D0038BB23 /* NetworkingError.swift */,
			);
			path = Errors;
			sourceTree = "<group>";
		};
		B96197EA2C3EE5880038BB23 /* Repositories */ = {
			isa = PBXGroup;
			children = (
				B96197EB2C3EE5C60038BB23 /* CitiesRepository.swift */,
			);
			path = Repositories;
			sourceTree = "<group>";
		};
		B96197ED2C3EE94D0038BB23 /* Home */ = {
			isa = PBXGroup;
			children = (
				B96197C02C3EC8BA0038BB23 /* HomeViewController.swift */,
				B96197EE2C3EE97A0038BB23 /* HomeViewController+TableView.swift */,
				B96197FB2C3FE8AB0038BB23 /* HomeViewController+SearchBar.swift */,
			);
			path = Home;
			sourceTree = "<group>";
		};
		B96197F02C3EEA680038BB23 /* Views */ = {
			isa = PBXGroup;
			children = (
				B96197F12C3EEA7F0038BB23 /* CityCell.swift */,
				B96197F72C3F1AEC0038BB23 /* InformationView.swift */,
			);
			path = Views;
			sourceTree = "<group>";
		};
/* End PBXGroup section */

/* Begin PBXNativeTarget section */
		B96197B82C3EC8BA0038BB23 /* WeatherApp */ = {
			isa = PBXNativeTarget;
			buildConfigurationList = B96197CD2C3EC8BB0038BB23 /* Build configuration list for PBXNativeTarget "WeatherApp" */;
			buildPhases = (
				B96197B52C3EC8BA0038BB23 /* Sources */,
				B96197B62C3EC8BA0038BB23 /* Frameworks */,
				B96197B72C3EC8BA0038BB23 /* Resources */,
			);
			buildRules = (
			);
			dependencies = (
			);
			name = WeatherApp;
			productName = WeatherApp;
			productReference = B96197B92C3EC8BA0038BB23 /* WeatherApp.app */;
			productType = "com.apple.product-type.application";
		};
/* End PBXNativeTarget section */

/* Begin PBXProject section */
		B96197B12C3EC8BA0038BB23 /* Project object */ = {
			isa = PBXProject;
			attributes = {
				BuildIndependentTargetsInParallel = 1;
				LastSwiftUpdateCheck = 1540;
				LastUpgradeCheck = 1540;
				TargetAttributes = {
					B96197B82C3EC8BA0038BB23 = {
						CreatedOnToolsVersion = 15.4;
					};
				};
			};
			buildConfigurationList = B96197B42C3EC8BA0038BB23 /* Build configuration list for PBXProject "WeatherApp" */;
			compatibilityVersion = "Xcode 14.0";
			developmentRegion = en;
			hasScannedForEncodings = 0;
			knownRegions = (
				en,
				Base,
			);
			mainGroup = B96197B02C3EC8BA0038BB23;
			productRefGroup = B96197BA2C3EC8BA0038BB23 /* Products */;
			projectDirPath = "";
			projectRoot = "";
			targets = (
				B96197B82C3EC8BA0038BB23 /* WeatherApp */,
			);
		};
/* End PBXProject section */

/* Begin PBXResourcesBuildPhase section */
		B96197B72C3EC8BA0038BB23 /* Resources */ = {
			isa = PBXResourcesBuildPhase;
			buildActionMask = 2147483647;
			files = (
				B96197C62C3EC8BB0038BB23 /* Assets.xcassets in Resources */,
				B96197C92C3EC8BB0038BB23 /* Base in Resources */,
			);
			runOnlyForDeploymentPostprocessing = 0;
		};
/* End PBXResourcesBuildPhase section */

/* Begin PBXSourcesBuildPhase section */
		B96197B52C3EC8BA0038BB23 /* Sources */ = {
			isa = PBXSourcesBuildPhase;
			buildActionMask = 2147483647;
			files = (
				B96197C12C3EC8BA0038BB23 /* HomeViewController.swift in Sources */,
				B96197F82C3F1AEC0038BB23 /* InformationView.swift in Sources */,
				B96197BD2C3EC8BA0038BB23 /* AppDelegate.swift in Sources */,
				B96197D92C3ED7500038BB23 /* AdministrativeArea.swift in Sources */,
				B96197F22C3EEA7F0038BB23 /* CityCell.swift in Sources */,
				B96197EF2C3EE97A0038BB23 /* HomeViewController+TableView.swift in Sources */,
				B96197FC2C3FE8AB0038BB23 /* HomeViewController+SearchBar.swift in Sources */,
				B96197E42C3EDEAA0038BB23 /* NetworkingService.swift in Sources */,
				B96197FA2C3FD7AB0038BB23 /* AppIcon.swift in Sources */,
				B96197E92C3EE03D0038BB23 /* NetworkingError.swift in Sources */,
				B96197D72C3ED6A40038BB23 /* City.swift in Sources */,
				B96197F42C3F19510038BB23 /* ViewState.swift in Sources */,
				B96197E02C3EDD690038BB23 /* Constants.swift in Sources */,
				B96197EC2C3EE5C60038BB23 /* CitiesRepository.swift in Sources */,
				B96197DB2C3ED83C0038BB23 /* Country.swift in Sources */,
				B96197E22C3EDDEE0038BB23 /* AnyNetworkingService.swift in Sources */,
				B96197BF2C3EC8BA0038BB23 /* SceneDelegate.swift in Sources */,
			);
			runOnlyForDeploymentPostprocessing = 0;
		};
/* End PBXSourcesBuildPhase section */

/* Begin PBXVariantGroup section */
		B96197C72C3EC8BB0038BB23 /* LaunchScreen.storyboard */ = {
			isa = PBXVariantGroup;
			children = (
				B96197C82C3EC8BB0038BB23 /* Base */,
			);
			name = LaunchScreen.storyboard;
			sourceTree = "<group>";
		};
/* End PBXVariantGroup section */

/* Begin XCBuildConfiguration section */
		B96197CB2C3EC8BB0038BB23 /* Debug */ = {
			isa = XCBuildConfiguration;
			buildSettings = {
				ALWAYS_SEARCH_USER_PATHS = NO;
				ASSETCATALOG_COMPILER_GENERATE_SWIFT_ASSET_SYMBOL_EXTENSIONS = YES;
				CLANG_ANALYZER_NONNULL = YES;
				CLANG_ANALYZER_NUMBER_OBJECT_CONVERSION = YES_AGGRESSIVE;
				CLANG_CXX_LANGUAGE_STANDARD = "gnu++20";
				CLANG_ENABLE_MODULES = YES;
				CLANG_ENABLE_OBJC_ARC = YES;
				CLANG_ENABLE_OBJC_WEAK = YES;
				CLANG_WARN_BLOCK_CAPTURE_AUTORELEASING = YES;
				CLANG_WARN_BOOL_CONVERSION = YES;
				CLANG_WARN_COMMA = YES;
				CLANG_WARN_CONSTANT_CONVERSION = YES;
				CLANG_WARN_DEPRECATED_OBJC_IMPLEMENTATIONS = YES;
				CLANG_WARN_DIRECT_OBJC_ISA_USAGE = YES_ERROR;
				CLANG_WARN_DOCUMENTATION_COMMENTS = YES;
				CLANG_WARN_EMPTY_BODY = YES;
				CLANG_WARN_ENUM_CONVERSION = YES;
				CLANG_WARN_INFINITE_RECURSION = YES;
				CLANG_WARN_INT_CONVERSION = YES;
				CLANG_WARN_NON_LITERAL_NULL_CONVERSION = YES;
				CLANG_WARN_OBJC_IMPLICIT_RETAIN_SELF = YES;
				CLANG_WARN_OBJC_LITERAL_CONVERSION = YES;
				CLANG_WARN_OBJC_ROOT_CLASS = YES_ERROR;
				CLANG_WARN_QUOTED_INCLUDE_IN_FRAMEWORK_HEADER = YES;
				CLANG_WARN_RANGE_LOOP_ANALYSIS = YES;
				CLANG_WARN_STRICT_PROTOTYPES = YES;
				CLANG_WARN_SUSPICIOUS_MOVE = YES;
				CLANG_WARN_UNGUARDED_AVAILABILITY = YES_AGGRESSIVE;
				CLANG_WARN_UNREACHABLE_CODE = YES;
				CLANG_WARN__DUPLICATE_METHOD_MATCH = YES;
				COPY_PHASE_STRIP = NO;
				DEBUG_INFORMATION_FORMAT = dwarf;
				ENABLE_STRICT_OBJC_MSGSEND = YES;
				ENABLE_TESTABILITY = YES;
				ENABLE_USER_SCRIPT_SANDBOXING = YES;
				GCC_C_LANGUAGE_STANDARD = gnu17;
				GCC_DYNAMIC_NO_PIC = NO;
				GCC_NO_COMMON_BLOCKS = YES;
				GCC_OPTIMIZATION_LEVEL = 0;
				GCC_PREPROCESSOR_DEFINITIONS = (
					"DEBUG=1",
					"$(inherited)",
				);
				GCC_WARN_64_TO_32_BIT_CONVERSION = YES;
				GCC_WARN_ABOUT_RETURN_TYPE = YES_ERROR;
				GCC_WARN_UNDECLARED_SELECTOR = YES;
				GCC_WARN_UNINITIALIZED_AUTOS = YES_AGGRESSIVE;
				GCC_WARN_UNUSED_FUNCTION = YES;
				GCC_WARN_UNUSED_VARIABLE = YES;
				IPHONEOS_DEPLOYMENT_TARGET = 17.5;
				LOCALIZATION_PREFERS_STRING_CATALOGS = YES;
				MTL_ENABLE_DEBUG_INFO = INCLUDE_SOURCE;
				MTL_FAST_MATH = YES;
				ONLY_ACTIVE_ARCH = YES;
				SDKROOT = iphoneos;
				SWIFT_ACTIVE_COMPILATION_CONDITIONS = "DEBUG $(inherited)";
				SWIFT_OPTIMIZATION_LEVEL = "-Onone";
			};
			name = Debug;
		};
		B96197CC2C3EC8BB0038BB23 /* Release */ = {
			isa = XCBuildConfiguration;
			buildSettings = {
				ALWAYS_SEARCH_USER_PATHS = NO;
				ASSETCATALOG_COMPILER_GENERATE_SWIFT_ASSET_SYMBOL_EXTENSIONS = YES;
				CLANG_ANALYZER_NONNULL = YES;
				CLANG_ANALYZER_NUMBER_OBJECT_CONVERSION = YES_AGGRESSIVE;
				CLANG_CXX_LANGUAGE_STANDARD = "gnu++20";
				CLANG_ENABLE_MODULES = YES;
				CLANG_ENABLE_OBJC_ARC = YES;
				CLANG_ENABLE_OBJC_WEAK = YES;
				CLANG_WARN_BLOCK_CAPTURE_AUTORELEASING = YES;
				CLANG_WARN_BOOL_CONVERSION = YES;
				CLANG_WARN_COMMA = YES;
				CLANG_WARN_CONSTANT_CONVERSION = YES;
				CLANG_WARN_DEPRECATED_OBJC_IMPLEMENTATIONS = YES;
				CLANG_WARN_DIRECT_OBJC_ISA_USAGE = YES_ERROR;
				CLANG_WARN_DOCUMENTATION_COMMENTS = YES;
				CLANG_WARN_EMPTY_BODY = YES;
				CLANG_WARN_ENUM_CONVERSION = YES;
				CLANG_WARN_INFINITE_RECURSION = YES;
				CLANG_WARN_INT_CONVERSION = YES;
				CLANG_WARN_NON_LITERAL_NULL_CONVERSION = YES;
				CLANG_WARN_OBJC_IMPLICIT_RETAIN_SELF = YES;
				CLANG_WARN_OBJC_LITERAL_CONVERSION = YES;
				CLANG_WARN_OBJC_ROOT_CLASS = YES_ERROR;
				CLANG_WARN_QUOTED_INCLUDE_IN_FRAMEWORK_HEADER = YES;
				CLANG_WARN_RANGE_LOOP_ANALYSIS = YES;
				CLANG_WARN_STRICT_PROTOTYPES = YES;
				CLANG_WARN_SUSPICIOUS_MOVE = YES;
				CLANG_WARN_UNGUARDED_AVAILABILITY = YES_AGGRESSIVE;
				CLANG_WARN_UNREACHABLE_CODE = YES;
				CLANG_WARN__DUPLICATE_METHOD_MATCH = YES;
				COPY_PHASE_STRIP = NO;
				DEBUG_INFORMATION_FORMAT = "dwarf-with-dsym";
				ENABLE_NS_ASSERTIONS = NO;
				ENABLE_STRICT_OBJC_MSGSEND = YES;
				ENABLE_USER_SCRIPT_SANDBOXING = YES;
				GCC_C_LANGUAGE_STANDARD = gnu17;
				GCC_NO_COMMON_BLOCKS = YES;
				GCC_WARN_64_TO_32_BIT_CONVERSION = YES;
				GCC_WARN_ABOUT_RETURN_TYPE = YES_ERROR;
				GCC_WARN_UNDECLARED_SELECTOR = YES;
				GCC_WARN_UNINITIALIZED_AUTOS = YES_AGGRESSIVE;
				GCC_WARN_UNUSED_FUNCTION = YES;
				GCC_WARN_UNUSED_VARIABLE = YES;
				IPHONEOS_DEPLOYMENT_TARGET = 17.5;
				LOCALIZATION_PREFERS_STRING_CATALOGS = YES;
				MTL_ENABLE_DEBUG_INFO = NO;
				MTL_FAST_MATH = YES;
				SDKROOT = iphoneos;
				SWIFT_COMPILATION_MODE = wholemodule;
				VALIDATE_PRODUCT = YES;
			};
			name = Release;
		};
		B96197CE2C3EC8BB0038BB23 /* Debug */ = {
			isa = XCBuildConfiguration;
			buildSettings = {
				ASSETCATALOG_COMPILER_APPICON_NAME = AppIcon;
				ASSETCATALOG_COMPILER_GLOBAL_ACCENT_COLOR_NAME = AccentColor;
				CODE_SIGN_STYLE = Automatic;
				CURRENT_PROJECT_VERSION = 1;
				DEVELOPMENT_TEAM = 88BPULM32K;
				GENERATE_INFOPLIST_FILE = YES;
				INFOPLIST_FILE = WeatherApp/Info.plist;
				INFOPLIST_KEY_UIApplicationSupportsIndirectInputEvents = YES;
				INFOPLIST_KEY_UILaunchStoryboardName = LaunchScreen;
				INFOPLIST_KEY_UISupportedInterfaceOrientations = UIInterfaceOrientationPortrait;
				INFOPLIST_KEY_UISupportedInterfaceOrientations_iPad = "UIInterfaceOrientationPortrait UIInterfaceOrientationPortraitUpsideDown";
				IPHONEOS_DEPLOYMENT_TARGET = 13.0;
				LD_RUNPATH_SEARCH_PATHS = (
					"$(inherited)",
					"@executable_path/Frameworks",
				);
				MARKETING_VERSION = 1.0;
				PRODUCT_BUNDLE_IDENTIFIER = pl.sebastianmaludzinski.WeatherApp;
				PRODUCT_NAME = "$(TARGET_NAME)";
				SUPPORTED_PLATFORMS = "iphoneos iphonesimulator";
				SUPPORTS_MACCATALYST = NO;
				SUPPORTS_MAC_DESIGNED_FOR_IPHONE_IPAD = NO;
				SUPPORTS_XR_DESIGNED_FOR_IPHONE_IPAD = NO;
				SWIFT_EMIT_LOC_STRINGS = YES;
				SWIFT_VERSION = 5.0;
				TARGETED_DEVICE_FAMILY = 1;
			};
			name = Debug;
		};
		B96197CF2C3EC8BB0038BB23 /* Release */ = {
			isa = XCBuildConfiguration;
			buildSettings = {
				ASSETCATALOG_COMPILER_APPICON_NAME = AppIcon;
				ASSETCATALOG_COMPILER_GLOBAL_ACCENT_COLOR_NAME = AccentColor;
				CODE_SIGN_STYLE = Automatic;
				CURRENT_PROJECT_VERSION = 1;
				DEVELOPMENT_TEAM = 88BPULM32K;
				GENERATE_INFOPLIST_FILE = YES;
				INFOPLIST_FILE = WeatherApp/Info.plist;
				INFOPLIST_KEY_UIApplicationSupportsIndirectInputEvents = YES;
				INFOPLIST_KEY_UILaunchStoryboardName = LaunchScreen;
				INFOPLIST_KEY_UISupportedInterfaceOrientations = UIInterfaceOrientationPortrait;
				INFOPLIST_KEY_UISupportedInterfaceOrientations_iPad = "UIInterfaceOrientationPortrait UIInterfaceOrientationPortraitUpsideDown";
				IPHONEOS_DEPLOYMENT_TARGET = 13.0;
				LD_RUNPATH_SEARCH_PATHS = (
					"$(inherited)",
					"@executable_path/Frameworks",
				);
				MARKETING_VERSION = 1.0;
				PRODUCT_BUNDLE_IDENTIFIER = pl.sebastianmaludzinski.WeatherApp;
				PRODUCT_NAME = "$(TARGET_NAME)";
				SUPPORTED_PLATFORMS = "iphoneos iphonesimulator";
				SUPPORTS_MACCATALYST = NO;
				SUPPORTS_MAC_DESIGNED_FOR_IPHONE_IPAD = NO;
				SUPPORTS_XR_DESIGNED_FOR_IPHONE_IPAD = NO;
				SWIFT_EMIT_LOC_STRINGS = YES;
				SWIFT_VERSION = 5.0;
				TARGETED_DEVICE_FAMILY = 1;
			};
			name = Release;
		};
/* End XCBuildConfiguration section */

/* Begin XCConfigurationList section */
		B96197B42C3EC8BA0038BB23 /* Build configuration list for PBXProject "WeatherApp" */ = {
			isa = XCConfigurationList;
			buildConfigurations = (
				B96197CB2C3EC8BB0038BB23 /* Debug */,
				B96197CC2C3EC8BB0038BB23 /* Release */,
			);
			defaultConfigurationIsVisible = 0;
			defaultConfigurationName = Release;
		};
		B96197CD2C3EC8BB0038BB23 /* Build configuration list for PBXNativeTarget "WeatherApp" */ = {
			isa = XCConfigurationList;
			buildConfigurations = (
				B96197CE2C3EC8BB0038BB23 /* Debug */,
				B96197CF2C3EC8BB0038BB23 /* Release */,
			);
			defaultConfigurationIsVisible = 0;
			defaultConfigurationName = Release;
		};
/* End XCConfigurationList section */
	};
	rootObject = B96197B12C3EC8BA0038BB23 /* Project object */;
}
