// !$*UTF8*$!
{
	archiveVersion = 1;
	classes = {
	};
	objectVersion = 56;
	objects = {

/* Begin PBXBuildFile section */
		B96197BD2C3EC8BA0038BB23 /* AppDelegate.swift in Sources */ = {isa = PBXBuildFile; fileRef = B96197BC2C3EC8BA0038BB23 /* AppDelegate.swift */; };
		B96197BF2C3EC8BA0038BB23 /* SceneDelegate.swift in Sources */ = {isa = PBXBuildFile; fileRef = B96197BE2C3EC8BA0038BB23 /* SceneDelegate.swift */; };
		B96197C12C3EC8BA0038BB23 /* HomeViewController.swift in Sources */ = {isa = PBXBuildFile; fileRef = B96197C02C3EC8BA0038BB23 /* HomeViewController.swift */; };
		B96197C62C3EC8BB0038BB23 /* Assets.xcassets in Resources */ = {isa = PBXBuildFile; fileRef = B96197C52C3EC8BB0038BB23 /* Assets.xcassets */; };
		B96197C92C3EC8BB0038BB23 /* Base in Resources */ = {isa = PBXBuildFile; fileRef = B96197C82C3EC8BB0038BB23 /* Base */; };
		B96197D72C3ED6A40038BB23 /* City.swift in Sources */ = {isa = PBXBuildFile; fileRef = B96197D62C3ED6A40038BB23 /* City.swift */; };
		B96197D92C3ED7500038BB23 /* AdministrativeArea.swift in Sources */ = {isa = PBXBuildFile; fileRef = B96197D82C3ED7500038BB23 /* AdministrativeArea.swift */; };
		B96197DB2C3ED83C0038BB23 /* Country.swift in Sources */ = {isa = PBXBuildFile; fileRef = B96197DA2C3ED83C0038BB23 /* Country.swift */; };
		B96197E02C3EDD690038BB23 /* Constants.swift in Sources */ = {isa = PBXBuildFile; fileRef = B96197DF2C3EDD690038BB23 /* Constants.swift */; };
		B96197E22C3EDDEE0038BB23 /* AnyCitiesNetworkingService.swift in Sources */ = {isa = PBXBuildFile; fileRef = B96197E12C3EDDEE0038BB23 /* AnyCitiesNetworkingService.swift */; };
		B96197E42C3EDEAA0038BB23 /* CitiesNetworkingService.swift in Sources */ = {isa = PBXBuildFile; fileRef = B96197E32C3EDEAA0038BB23 /* CitiesNetworkingService.swift */; };
		B96197E92C3EE03D0038BB23 /* NetworkingError.swift in Sources */ = {isa = PBXBuildFile; fileRef = B96197E82C3EE03D0038BB23 /* NetworkingError.swift */; };
		B96197EC2C3EE5C60038BB23 /* CitiesRepository.swift in Sources */ = {isa = PBXBuildFile; fileRef = B96197EB2C3EE5C60038BB23 /* CitiesRepository.swift */; };
		B96197EF2C3EE97A0038BB23 /* HomeViewController+TableView.swift in Sources */ = {isa = PBXBuildFile; fileRef = B96197EE2C3EE97A0038BB23 /* HomeViewController+TableView.swift */; };
		B96197F22C3EEA7F0038BB23 /* CityCell.swift in Sources */ = {isa = PBXBuildFile; fileRef = B96197F12C3EEA7F0038BB23 /* CityCell.swift */; };
		B96197F82C3F1AEC0038BB23 /* InformationView.swift in Sources */ = {isa = PBXBuildFile; fileRef = B96197F72C3F1AEC0038BB23 /* InformationView.swift */; };
		B96197FA2C3FD7AB0038BB23 /* AppIcon.swift in Sources */ = {isa = PBXBuildFile; fileRef = B96197F92C3FD7AB0038BB23 /* AppIcon.swift */; };
		B96197FC2C3FE8AB0038BB23 /* HomeViewController+SearchBar.swift in Sources */ = {isa = PBXBuildFile; fileRef = B96197FB2C3FE8AB0038BB23 /* HomeViewController+SearchBar.swift */; };
		B96197FF2C3FF3250038BB23 /* URLProvider.swift in Sources */ = {isa = PBXBuildFile; fileRef = B96197FE2C3FF3250038BB23 /* URLProvider.swift */; };
		B96198012C3FF3550038BB23 /* URLRequestBuilder.swift in Sources */ = {isa = PBXBuildFile; fileRef = B96198002C3FF3550038BB23 /* URLRequestBuilder.swift */; };
		B96198032C3FF5680038BB23 /* ResponseValidator.swift in Sources */ = {isa = PBXBuildFile; fileRef = B96198022C3FF5680038BB23 /* ResponseValidator.swift */; };
		B96198062C3FF9D60038BB23 /* String+Extension.swift in Sources */ = {isa = PBXBuildFile; fileRef = B96198052C3FF9D60038BB23 /* String+Extension.swift */; };
		B96198092C4007BF0038BB23 /* WeatherDetailsViewController.swift in Sources */ = {isa = PBXBuildFile; fileRef = B96198082C4007BF0038BB23 /* WeatherDetailsViewController.swift */; };
		B961980C2C402B970038BB23 /* HomeViewController+WeatherDetailsDelegate.swift in Sources */ = {isa = PBXBuildFile; fileRef = B961980B2C402B970038BB23 /* HomeViewController+WeatherDetailsDelegate.swift */; };
		B961980F2C402BDD0038BB23 /* WeatherDetailsDelegate.swift in Sources */ = {isa = PBXBuildFile; fileRef = B961980E2C402BDD0038BB23 /* WeatherDetailsDelegate.swift */; };
		B96198132C40308A0038BB23 /* WeatherData.swift in Sources */ = {isa = PBXBuildFile; fileRef = B96198122C40308A0038BB23 /* WeatherData.swift */; };
		B96198152C405CA90038BB23 /* Temperature.swift in Sources */ = {isa = PBXBuildFile; fileRef = B96198142C405CA90038BB23 /* Temperature.swift */; };
		B96198172C405CD10038BB23 /* Metric.swift in Sources */ = {isa = PBXBuildFile; fileRef = B96198162C405CD10038BB23 /* Metric.swift */; };
		B96198192C405CEB0038BB23 /* RealFeelTemperature.swift in Sources */ = {isa = PBXBuildFile; fileRef = B96198182C405CEB0038BB23 /* RealFeelTemperature.swift */; };
		B961981B2C405D190038BB23 /* RealFeelMetric.swift in Sources */ = {isa = PBXBuildFile; fileRef = B961981A2C405D190038BB23 /* RealFeelMetric.swift */; };
		B961981D2C405D450038BB23 /* Wind.swift in Sources */ = {isa = PBXBuildFile; fileRef = B961981C2C405D450038BB23 /* Wind.swift */; };
		B96198212C405D950038BB23 /* Speed.swift in Sources */ = {isa = PBXBuildFile; fileRef = B96198202C405D950038BB23 /* Speed.swift */; };
		B96198232C405DBD0038BB23 /* Visibility.swift in Sources */ = {isa = PBXBuildFile; fileRef = B96198222C405DBD0038BB23 /* Visibility.swift */; };
		B96198252C405DD70038BB23 /* Pressure.swift in Sources */ = {isa = PBXBuildFile; fileRef = B96198242C405DD70038BB23 /* Pressure.swift */; };
		B96198272C405DF20038BB23 /* TemperatureSummary.swift in Sources */ = {isa = PBXBuildFile; fileRef = B96198262C405DF20038BB23 /* TemperatureSummary.swift */; };
		B96198292C405E1B0038BB23 /* TemperatureRange.swift in Sources */ = {isa = PBXBuildFile; fileRef = B96198282C405E1B0038BB23 /* TemperatureRange.swift */; };
		B961982B2C405E3A0038BB23 /* Minimum.swift in Sources */ = {isa = PBXBuildFile; fileRef = B961982A2C405E3A0038BB23 /* Minimum.swift */; };
		B961982D2C405E630038BB23 /* Maximum.swift in Sources */ = {isa = PBXBuildFile; fileRef = B961982C2C405E630038BB23 /* Maximum.swift */; };
		B961982F2C4064380038BB23 /* WeatherDataRepository.swift in Sources */ = {isa = PBXBuildFile; fileRef = B961982E2C4064380038BB23 /* WeatherDataRepository.swift */; };
		B96198312C412FDF0038BB23 /* WeatherDetailsView.swift in Sources */ = {isa = PBXBuildFile; fileRef = B96198302C412FDF0038BB23 /* WeatherDetailsView.swift */; };
		B96198332C4154400038BB23 /* KeyAndValueView.swift in Sources */ = {isa = PBXBuildFile; fileRef = B96198322C4154400038BB23 /* KeyAndValueView.swift */; };
		B96198352C418FAA0038BB23 /* LoadingView.swift in Sources */ = {isa = PBXBuildFile; fileRef = B96198342C418FAA0038BB23 /* LoadingView.swift */; };
		B96198372C419CE00038BB23 /* WeatherDataNetworkingService.swift in Sources */ = {isa = PBXBuildFile; fileRef = B96198362C419CE00038BB23 /* WeatherDataNetworkingService.swift */; };
		B96198392C41A0860038BB23 /* AnyWeatherDataNetworkingService.swift in Sources */ = {isa = PBXBuildFile; fileRef = B96198382C41A0860038BB23 /* AnyWeatherDataNetworkingService.swift */; };
		B96198482C425C540038BB23 /* URLProviderTests.swift in Sources */ = {isa = PBXBuildFile; fileRef = B96198472C425C540038BB23 /* URLProviderTests.swift */; };
		B961984A2C425E270038BB23 /* URLRequestBuilderTests.swift in Sources */ = {isa = PBXBuildFile; fileRef = B96198492C425E270038BB23 /* URLRequestBuilderTests.swift */; };
		B961984C2C42652C0038BB23 /* ResponseValidatorTests.swift in Sources */ = {isa = PBXBuildFile; fileRef = B961984B2C42652C0038BB23 /* ResponseValidatorTests.swift */; };
		B96198512C4270AB0038BB23 /* AnyCitiesRepository.swift in Sources */ = {isa = PBXBuildFile; fileRef = B96198502C4270AB0038BB23 /* AnyCitiesRepository.swift */; };
		B96198532C4270F20038BB23 /* MockCitiesNetworkingService.swift in Sources */ = {isa = PBXBuildFile; fileRef = B96198522C4270F20038BB23 /* MockCitiesNetworkingService.swift */; };
		B96198552C42720D0038BB23 /* CitiesRepositoryTests.swift in Sources */ = {isa = PBXBuildFile; fileRef = B96198542C42720D0038BB23 /* CitiesRepositoryTests.swift */; };
		B96198572C427EA30038BB23 /* MockWeatherDataNetworkingService.swift in Sources */ = {isa = PBXBuildFile; fileRef = B96198562C427EA30038BB23 /* MockWeatherDataNetworkingService.swift */; };
		B96198592C427F4D0038BB23 /* WeatherDataRepositoryTests.swift in Sources */ = {isa = PBXBuildFile; fileRef = B96198582C427F4D0038BB23 /* WeatherDataRepositoryTests.swift */; };
		B961985B2C427F580038BB23 /* AnyWeatherDataRepository.swift in Sources */ = {isa = PBXBuildFile; fileRef = B961985A2C427F580038BB23 /* AnyWeatherDataRepository.swift */; };
/* End PBXBuildFile section */

/* Begin PBXContainerItemProxy section */
		B96198422C425AE30038BB23 /* PBXContainerItemProxy */ = {
			isa = PBXContainerItemProxy;
			containerPortal = B96197B12C3EC8BA0038BB23 /* Project object */;
			proxyType = 1;
			remoteGlobalIDString = B96197B82C3EC8BA0038BB23;
			remoteInfo = WeatherApp;
		};
/* End PBXContainerItemProxy section */

/* Begin PBXFileReference section */
		B96197B92C3EC8BA0038BB23 /* WeatherApp.app */ = {isa = PBXFileReference; explicitFileType = wrapper.application; includeInIndex = 0; path = WeatherApp.app; sourceTree = BUILT_PRODUCTS_DIR; };
		B96197BC2C3EC8BA0038BB23 /* AppDelegate.swift */ = {isa = PBXFileReference; lastKnownFileType = sourcecode.swift; path = AppDelegate.swift; sourceTree = "<group>"; };
		B96197BE2C3EC8BA0038BB23 /* SceneDelegate.swift */ = {isa = PBXFileReference; lastKnownFileType = sourcecode.swift; path = SceneDelegate.swift; sourceTree = "<group>"; };
		B96197C02C3EC8BA0038BB23 /* HomeViewController.swift */ = {isa = PBXFileReference; lastKnownFileType = sourcecode.swift; path = HomeViewController.swift; sourceTree = "<group>"; };
		B96197C52C3EC8BB0038BB23 /* Assets.xcassets */ = {isa = PBXFileReference; lastKnownFileType = folder.assetcatalog; path = Assets.xcassets; sourceTree = "<group>"; };
		B96197C82C3EC8BB0038BB23 /* Base */ = {isa = PBXFileReference; lastKnownFileType = file.storyboard; name = Base; path = Base.lproj/LaunchScreen.storyboard; sourceTree = "<group>"; };
		B96197CA2C3EC8BB0038BB23 /* Info.plist */ = {isa = PBXFileReference; lastKnownFileType = text.plist.xml; path = Info.plist; sourceTree = "<group>"; };
		B96197D62C3ED6A40038BB23 /* City.swift */ = {isa = PBXFileReference; lastKnownFileType = sourcecode.swift; path = City.swift; sourceTree = "<group>"; };
		B96197D82C3ED7500038BB23 /* AdministrativeArea.swift */ = {isa = PBXFileReference; lastKnownFileType = sourcecode.swift; path = AdministrativeArea.swift; sourceTree = "<group>"; };
		B96197DA2C3ED83C0038BB23 /* Country.swift */ = {isa = PBXFileReference; lastKnownFileType = sourcecode.swift; path = Country.swift; sourceTree = "<group>"; };
		B96197DF2C3EDD690038BB23 /* Constants.swift */ = {isa = PBXFileReference; lastKnownFileType = sourcecode.swift; path = Constants.swift; sourceTree = "<group>"; };
		B96197E12C3EDDEE0038BB23 /* AnyCitiesNetworkingService.swift */ = {isa = PBXFileReference; lastKnownFileType = sourcecode.swift; path = AnyCitiesNetworkingService.swift; sourceTree = "<group>"; };
		B96197E32C3EDEAA0038BB23 /* CitiesNetworkingService.swift */ = {isa = PBXFileReference; lastKnownFileType = sourcecode.swift; path = CitiesNetworkingService.swift; sourceTree = "<group>"; };
		B96197E82C3EE03D0038BB23 /* NetworkingError.swift */ = {isa = PBXFileReference; lastKnownFileType = sourcecode.swift; path = NetworkingError.swift; sourceTree = "<group>"; };
		B96197EB2C3EE5C60038BB23 /* CitiesRepository.swift */ = {isa = PBXFileReference; lastKnownFileType = sourcecode.swift; path = CitiesRepository.swift; sourceTree = "<group>"; };
		B96197EE2C3EE97A0038BB23 /* HomeViewController+TableView.swift */ = {isa = PBXFileReference; lastKnownFileType = sourcecode.swift; path = "HomeViewController+TableView.swift"; sourceTree = "<group>"; };
		B96197F12C3EEA7F0038BB23 /* CityCell.swift */ = {isa = PBXFileReference; lastKnownFileType = sourcecode.swift; path = CityCell.swift; sourceTree = "<group>"; };
		B96197F72C3F1AEC0038BB23 /* InformationView.swift */ = {isa = PBXFileReference; lastKnownFileType = sourcecode.swift; path = InformationView.swift; sourceTree = "<group>"; };
		B96197F92C3FD7AB0038BB23 /* AppIcon.swift */ = {isa = PBXFileReference; lastKnownFileType = sourcecode.swift; path = AppIcon.swift; sourceTree = "<group>"; };
		B96197FB2C3FE8AB0038BB23 /* HomeViewController+SearchBar.swift */ = {isa = PBXFileReference; lastKnownFileType = sourcecode.swift; path = "HomeViewController+SearchBar.swift"; sourceTree = "<group>"; };
		B96197FE2C3FF3250038BB23 /* URLProvider.swift */ = {isa = PBXFileReference; lastKnownFileType = sourcecode.swift; path = URLProvider.swift; sourceTree = "<group>"; };
		B96198002C3FF3550038BB23 /* URLRequestBuilder.swift */ = {isa = PBXFileReference; lastKnownFileType = sourcecode.swift; path = URLRequestBuilder.swift; sourceTree = "<group>"; };
		B96198022C3FF5680038BB23 /* ResponseValidator.swift */ = {isa = PBXFileReference; lastKnownFileType = sourcecode.swift; path = ResponseValidator.swift; sourceTree = "<group>"; };
		B96198052C3FF9D60038BB23 /* String+Extension.swift */ = {isa = PBXFileReference; lastKnownFileType = sourcecode.swift; path = "String+Extension.swift"; sourceTree = "<group>"; };
		B96198082C4007BF0038BB23 /* WeatherDetailsViewController.swift */ = {isa = PBXFileReference; lastKnownFileType = sourcecode.swift; path = WeatherDetailsViewController.swift; sourceTree = "<group>"; };
		B961980B2C402B970038BB23 /* HomeViewController+WeatherDetailsDelegate.swift */ = {isa = PBXFileReference; lastKnownFileType = sourcecode.swift; path = "HomeViewController+WeatherDetailsDelegate.swift"; sourceTree = "<group>"; };
		B961980E2C402BDD0038BB23 /* WeatherDetailsDelegate.swift */ = {isa = PBXFileReference; lastKnownFileType = sourcecode.swift; path = WeatherDetailsDelegate.swift; sourceTree = "<group>"; };
		B96198122C40308A0038BB23 /* WeatherData.swift */ = {isa = PBXFileReference; lastKnownFileType = sourcecode.swift; path = WeatherData.swift; sourceTree = "<group>"; };
		B96198142C405CA90038BB23 /* Temperature.swift */ = {isa = PBXFileReference; lastKnownFileType = sourcecode.swift; path = Temperature.swift; sourceTree = "<group>"; };
		B96198162C405CD10038BB23 /* Metric.swift */ = {isa = PBXFileReference; lastKnownFileType = sourcecode.swift; path = Metric.swift; sourceTree = "<group>"; };
		B96198182C405CEB0038BB23 /* RealFeelTemperature.swift */ = {isa = PBXFileReference; lastKnownFileType = sourcecode.swift; path = RealFeelTemperature.swift; sourceTree = "<group>"; };
		B961981A2C405D190038BB23 /* RealFeelMetric.swift */ = {isa = PBXFileReference; lastKnownFileType = sourcecode.swift; path = RealFeelMetric.swift; sourceTree = "<group>"; };
		B961981C2C405D450038BB23 /* Wind.swift */ = {isa = PBXFileReference; lastKnownFileType = sourcecode.swift; path = Wind.swift; sourceTree = "<group>"; };
		B96198202C405D950038BB23 /* Speed.swift */ = {isa = PBXFileReference; lastKnownFileType = sourcecode.swift; path = Speed.swift; sourceTree = "<group>"; };
		B96198222C405DBD0038BB23 /* Visibility.swift */ = {isa = PBXFileReference; lastKnownFileType = sourcecode.swift; path = Visibility.swift; sourceTree = "<group>"; };
		B96198242C405DD70038BB23 /* Pressure.swift */ = {isa = PBXFileReference; lastKnownFileType = sourcecode.swift; path = Pressure.swift; sourceTree = "<group>"; };
		B96198262C405DF20038BB23 /* TemperatureSummary.swift */ = {isa = PBXFileReference; lastKnownFileType = sourcecode.swift; path = TemperatureSummary.swift; sourceTree = "<group>"; };
		B96198282C405E1B0038BB23 /* TemperatureRange.swift */ = {isa = PBXFileReference; lastKnownFileType = sourcecode.swift; path = TemperatureRange.swift; sourceTree = "<group>"; };
		B961982A2C405E3A0038BB23 /* Minimum.swift */ = {isa = PBXFileReference; lastKnownFileType = sourcecode.swift; path = Minimum.swift; sourceTree = "<group>"; };
		B961982C2C405E630038BB23 /* Maximum.swift */ = {isa = PBXFileReference; lastKnownFileType = sourcecode.swift; path = Maximum.swift; sourceTree = "<group>"; };
		B961982E2C4064380038BB23 /* WeatherDataRepository.swift */ = {isa = PBXFileReference; lastKnownFileType = sourcecode.swift; path = WeatherDataRepository.swift; sourceTree = "<group>"; };
		B96198302C412FDF0038BB23 /* WeatherDetailsView.swift */ = {isa = PBXFileReference; lastKnownFileType = sourcecode.swift; path = WeatherDetailsView.swift; sourceTree = "<group>"; };
		B96198322C4154400038BB23 /* KeyAndValueView.swift */ = {isa = PBXFileReference; lastKnownFileType = sourcecode.swift; path = KeyAndValueView.swift; sourceTree = "<group>"; };
		B96198342C418FAA0038BB23 /* LoadingView.swift */ = {isa = PBXFileReference; lastKnownFileType = sourcecode.swift; path = LoadingView.swift; sourceTree = "<group>"; };
		B96198362C419CE00038BB23 /* WeatherDataNetworkingService.swift */ = {isa = PBXFileReference; lastKnownFileType = sourcecode.swift; path = WeatherDataNetworkingService.swift; sourceTree = "<group>"; };
		B96198382C41A0860038BB23 /* AnyWeatherDataNetworkingService.swift */ = {isa = PBXFileReference; lastKnownFileType = sourcecode.swift; path = AnyWeatherDataNetworkingService.swift; sourceTree = "<group>"; };
		B961983E2C425AE30038BB23 /* WeatherAppTests.xctest */ = {isa = PBXFileReference; explicitFileType = wrapper.cfbundle; includeInIndex = 0; path = WeatherAppTests.xctest; sourceTree = BUILT_PRODUCTS_DIR; };
		B96198472C425C540038BB23 /* URLProviderTests.swift */ = {isa = PBXFileReference; lastKnownFileType = sourcecode.swift; path = URLProviderTests.swift; sourceTree = "<group>"; };
		B96198492C425E270038BB23 /* URLRequestBuilderTests.swift */ = {isa = PBXFileReference; lastKnownFileType = sourcecode.swift; path = URLRequestBuilderTests.swift; sourceTree = "<group>"; };
		B961984B2C42652C0038BB23 /* ResponseValidatorTests.swift */ = {isa = PBXFileReference; lastKnownFileType = sourcecode.swift; path = ResponseValidatorTests.swift; sourceTree = "<group>"; };
		B96198502C4270AB0038BB23 /* AnyCitiesRepository.swift */ = {isa = PBXFileReference; lastKnownFileType = sourcecode.swift; path = AnyCitiesRepository.swift; sourceTree = "<group>"; };
		B96198522C4270F20038BB23 /* MockCitiesNetworkingService.swift */ = {isa = PBXFileReference; lastKnownFileType = sourcecode.swift; path = MockCitiesNetworkingService.swift; sourceTree = "<group>"; };
		B96198542C42720D0038BB23 /* CitiesRepositoryTests.swift */ = {isa = PBXFileReference; lastKnownFileType = sourcecode.swift; path = CitiesRepositoryTests.swift; sourceTree = "<group>"; };
		B96198562C427EA30038BB23 /* MockWeatherDataNetworkingService.swift */ = {isa = PBXFileReference; lastKnownFileType = sourcecode.swift; path = MockWeatherDataNetworkingService.swift; sourceTree = "<group>"; };
		B96198582C427F4D0038BB23 /* WeatherDataRepositoryTests.swift */ = {isa = PBXFileReference; lastKnownFileType = sourcecode.swift; path = WeatherDataRepositoryTests.swift; sourceTree = "<group>"; };
		B961985A2C427F580038BB23 /* AnyWeatherDataRepository.swift */ = {isa = PBXFileReference; lastKnownFileType = sourcecode.swift; path = AnyWeatherDataRepository.swift; sourceTree = "<group>"; };
/* End PBXFileReference section */

/* Begin PBXFrameworksBuildPhase section */
		B96197B62C3EC8BA0038BB23 /* Frameworks */ = {
			isa = PBXFrameworksBuildPhase;
			buildActionMask = 2147483647;
			files = (
			);
			runOnlyForDeploymentPostprocessing = 0;
		};
		B961983B2C425AE30038BB23 /* Frameworks */ = {
			isa = PBXFrameworksBuildPhase;
			buildActionMask = 2147483647;
			files = (
			);
			runOnlyForDeploymentPostprocessing = 0;
		};
/* End PBXFrameworksBuildPhase section */

/* Begin PBXGroup section */
		B96197B02C3EC8BA0038BB23 = {
			isa = PBXGroup;
			children = (
				B96197BB2C3EC8BA0038BB23 /* WeatherApp */,
				B961983F2C425AE30038BB23 /* WeatherAppTests */,
				B96197BA2C3EC8BA0038BB23 /* Products */,
			);
			sourceTree = "<group>";
		};
		B96197BA2C3EC8BA0038BB23 /* Products */ = {
			isa = PBXGroup;
			children = (
				B96197B92C3EC8BA0038BB23 /* WeatherApp.app */,
				B961983E2C425AE30038BB23 /* WeatherAppTests.xctest */,
			);
			name = Products;
			sourceTree = "<group>";
		};
		B96197BB2C3EC8BA0038BB23 /* WeatherApp */ = {
			isa = PBXGroup;
			children = (
				B961980A2C4007E90038BB23 /* ViewControllers */,
				B96198042C3FF9C90038BB23 /* Extensions */,
				B96197F02C3EEA680038BB23 /* Views */,
				B96197EA2C3EE5880038BB23 /* Repositories */,
				B96197DE2C3EDD5A0038BB23 /* Utilities */,
				B96197DC2C3ED9AB0038BB23 /* Services */,
				B96197D52C3ED6520038BB23 /* Models */,
				B96197D12C3ECBAB0038BB23 /* Assets */,
				B96197D02C3ECA560038BB23 /* App */,
				B96197CA2C3EC8BB0038BB23 /* Info.plist */,
			);
			path = WeatherApp;
			sourceTree = "<group>";
		};
		B96197D02C3ECA560038BB23 /* App */ = {
			isa = PBXGroup;
			children = (
				B96197BC2C3EC8BA0038BB23 /* AppDelegate.swift */,
				B96197BE2C3EC8BA0038BB23 /* SceneDelegate.swift */,
			);
			path = App;
			sourceTree = "<group>";
		};
		B96197D12C3ECBAB0038BB23 /* Assets */ = {
			isa = PBXGroup;
			children = (
				B96197C52C3EC8BB0038BB23 /* Assets.xcassets */,
				B96197C72C3EC8BB0038BB23 /* LaunchScreen.storyboard */,
			);
			path = Assets;
			sourceTree = "<group>";
		};
		B96197D52C3ED6520038BB23 /* Models */ = {
			isa = PBXGroup;
			children = (
				B96198112C402EDB0038BB23 /* Weather */,
				B96198102C402ECC0038BB23 /* Location */,
			);
			path = Models;
			sourceTree = "<group>";
		};
		B96197DC2C3ED9AB0038BB23 /* Services */ = {
			isa = PBXGroup;
			children = (
				B96197DD2C3ED9B30038BB23 /* Networking */,
			);
			path = Services;
			sourceTree = "<group>";
		};
		B96197DD2C3ED9B30038BB23 /* Networking */ = {
			isa = PBXGroup;
			children = (
				B96197FD2C3FF31B0038BB23 /* Utilities */,
				B96197E62C3EE01E0038BB23 /* Errors */,
				B96197E52C3EE0100038BB23 /* Protocols */,
				B96197E32C3EDEAA0038BB23 /* CitiesNetworkingService.swift */,
				B96198362C419CE00038BB23 /* WeatherDataNetworkingService.swift */,
			);
			path = Networking;
			sourceTree = "<group>";
		};
		B96197DE2C3EDD5A0038BB23 /* Utilities */ = {
			isa = PBXGroup;
			children = (
				B96197DF2C3EDD690038BB23 /* Constants.swift */,
				B96197F92C3FD7AB0038BB23 /* AppIcon.swift */,
			);
			path = Utilities;
			sourceTree = "<group>";
		};
		B96197E52C3EE0100038BB23 /* Protocols */ = {
			isa = PBXGroup;
			children = (
				B96197E12C3EDDEE0038BB23 /* AnyCitiesNetworkingService.swift */,
				B96198382C41A0860038BB23 /* AnyWeatherDataNetworkingService.swift */,
			);
			path = Protocols;
			sourceTree = "<group>";
		};
		B96197E62C3EE01E0038BB23 /* Errors */ = {
			isa = PBXGroup;
			children = (
				B96197E82C3EE03D0038BB23 /* NetworkingError.swift */,
			);
			path = Errors;
			sourceTree = "<group>";
		};
		B96197EA2C3EE5880038BB23 /* Repositories */ = {
			isa = PBXGroup;
			children = (
				B961984F2C4270910038BB23 /* Protocols */,
				B96197EB2C3EE5C60038BB23 /* CitiesRepository.swift */,
				B961982E2C4064380038BB23 /* WeatherDataRepository.swift */,
			);
			path = Repositories;
			sourceTree = "<group>";
		};
		B96197ED2C3EE94D0038BB23 /* Home */ = {
			isa = PBXGroup;
			children = (
				B961980D2C402BD20038BB23 /* Protocols */,
				B96197C02C3EC8BA0038BB23 /* HomeViewController.swift */,
				B96197EE2C3EE97A0038BB23 /* HomeViewController+TableView.swift */,
				B96197FB2C3FE8AB0038BB23 /* HomeViewController+SearchBar.swift */,
				B961980B2C402B970038BB23 /* HomeViewController+WeatherDetailsDelegate.swift */,
			);
			path = Home;
			sourceTree = "<group>";
		};
		B96197F02C3EEA680038BB23 /* Views */ = {
			isa = PBXGroup;
			children = (
				B96197F12C3EEA7F0038BB23 /* CityCell.swift */,
				B96197F72C3F1AEC0038BB23 /* InformationView.swift */,
				B96198302C412FDF0038BB23 /* WeatherDetailsView.swift */,
				B96198322C4154400038BB23 /* KeyAndValueView.swift */,
				B96198342C418FAA0038BB23 /* LoadingView.swift */,
			);
			path = Views;
			sourceTree = "<group>";
		};
		B96197FD2C3FF31B0038BB23 /* Utilities */ = {
			isa = PBXGroup;
			children = (
				B96197FE2C3FF3250038BB23 /* URLProvider.swift */,
				B96198002C3FF3550038BB23 /* URLRequestBuilder.swift */,
				B96198022C3FF5680038BB23 /* ResponseValidator.swift */,
			);
			path = Utilities;
			sourceTree = "<group>";
		};
		B96198042C3FF9C90038BB23 /* Extensions */ = {
			isa = PBXGroup;
			children = (
				B96198052C3FF9D60038BB23 /* String+Extension.swift */,
			);
			path = Extensions;
			sourceTree = "<group>";
		};
		B96198072C4007A10038BB23 /* WeatherDetails */ = {
			isa = PBXGroup;
			children = (
				B96198082C4007BF0038BB23 /* WeatherDetailsViewController.swift */,
			);
			path = WeatherDetails;
			sourceTree = "<group>";
		};
		B961980A2C4007E90038BB23 /* ViewControllers */ = {
			isa = PBXGroup;
			children = (
				B96197ED2C3EE94D0038BB23 /* Home */,
				B96198072C4007A10038BB23 /* WeatherDetails */,
			);
			path = ViewControllers;
			sourceTree = "<group>";
		};
		B961980D2C402BD20038BB23 /* Protocols */ = {
			isa = PBXGroup;
			children = (
				B961980E2C402BDD0038BB23 /* WeatherDetailsDelegate.swift */,
			);
			path = Protocols;
			sourceTree = "<group>";
		};
		B96198102C402ECC0038BB23 /* Location */ = {
			isa = PBXGroup;
			children = (
				B96197D62C3ED6A40038BB23 /* City.swift */,
				B96197D82C3ED7500038BB23 /* AdministrativeArea.swift */,
				B96197DA2C3ED83C0038BB23 /* Country.swift */,
			);
			path = Location;
			sourceTree = "<group>";
		};
		B96198112C402EDB0038BB23 /* Weather */ = {
			isa = PBXGroup;
			children = (
				B96198122C40308A0038BB23 /* WeatherData.swift */,
				B96198142C405CA90038BB23 /* Temperature.swift */,
				B96198162C405CD10038BB23 /* Metric.swift */,
				B96198182C405CEB0038BB23 /* RealFeelTemperature.swift */,
				B961981A2C405D190038BB23 /* RealFeelMetric.swift */,
				B961981C2C405D450038BB23 /* Wind.swift */,
				B96198202C405D950038BB23 /* Speed.swift */,
				B96198222C405DBD0038BB23 /* Visibility.swift */,
				B96198242C405DD70038BB23 /* Pressure.swift */,
				B96198262C405DF20038BB23 /* TemperatureSummary.swift */,
				B96198282C405E1B0038BB23 /* TemperatureRange.swift */,
				B961982A2C405E3A0038BB23 /* Minimum.swift */,
				B961982C2C405E630038BB23 /* Maximum.swift */,
			);
			path = Weather;
			sourceTree = "<group>";
		};
		B961983F2C425AE30038BB23 /* WeatherAppTests */ = {
			isa = PBXGroup;
			children = (
				B961984E2C4267300038BB23 /* Mocks */,
				B961984D2C42672B0038BB23 /* Tests */,
			);
			path = WeatherAppTests;
			sourceTree = "<group>";
		};
		B961984D2C42672B0038BB23 /* Tests */ = {
			isa = PBXGroup;
			children = (
				B96198472C425C540038BB23 /* URLProviderTests.swift */,
				B96198492C425E270038BB23 /* URLRequestBuilderTests.swift */,
				B961984B2C42652C0038BB23 /* ResponseValidatorTests.swift */,
				B96198542C42720D0038BB23 /* CitiesRepositoryTests.swift */,
				B96198582C427F4D0038BB23 /* WeatherDataRepositoryTests.swift */,
			);
			path = Tests;
			sourceTree = "<group>";
		};
		B961984E2C4267300038BB23 /* Mocks */ = {
			isa = PBXGroup;
			children = (
				B96198522C4270F20038BB23 /* MockCitiesNetworkingService.swift */,
				B96198562C427EA30038BB23 /* MockWeatherDataNetworkingService.swift */,
			);
			path = Mocks;
			sourceTree = "<group>";
		};
		B961984F2C4270910038BB23 /* Protocols */ = {
			isa = PBXGroup;
			children = (
				B96198502C4270AB0038BB23 /* AnyCitiesRepository.swift */,
				B961985A2C427F580038BB23 /* AnyWeatherDataRepository.swift */,
			);
			path = Protocols;
			sourceTree = "<group>";
		};
/* End PBXGroup section */

/* Begin PBXNativeTarget section */
		B96197B82C3EC8BA0038BB23 /* WeatherApp */ = {
			isa = PBXNativeTarget;
			buildConfigurationList = B96197CD2C3EC8BB0038BB23 /* Build configuration list for PBXNativeTarget "WeatherApp" */;
			buildPhases = (
				B96197B52C3EC8BA0038BB23 /* Sources */,
				B96197B62C3EC8BA0038BB23 /* Frameworks */,
				B96197B72C3EC8BA0038BB23 /* Resources */,
			);
			buildRules = (
			);
			dependencies = (
			);
			name = WeatherApp;
			productName = WeatherApp;
			productReference = B96197B92C3EC8BA0038BB23 /* WeatherApp.app */;
			productType = "com.apple.product-type.application";
		};
		B961983D2C425AE30038BB23 /* WeatherAppTests */ = {
			isa = PBXNativeTarget;
			buildConfigurationList = B96198442C425AE30038BB23 /* Build configuration list for PBXNativeTarget "WeatherAppTests" */;
			buildPhases = (
				B961983A2C425AE30038BB23 /* Sources */,
				B961983B2C425AE30038BB23 /* Frameworks */,
				B961983C2C425AE30038BB23 /* Resources */,
			);
			buildRules = (
			);
			dependencies = (
				B96198432C425AE30038BB23 /* PBXTargetDependency */,
			);
			name = WeatherAppTests;
			productName = WeatherAppTests;
			productReference = B961983E2C425AE30038BB23 /* WeatherAppTests.xctest */;
			productType = "com.apple.product-type.bundle.unit-test";
		};
/* End PBXNativeTarget section */

/* Begin PBXProject section */
		B96197B12C3EC8BA0038BB23 /* Project object */ = {
			isa = PBXProject;
			attributes = {
				BuildIndependentTargetsInParallel = 1;
				LastSwiftUpdateCheck = 1540;
				LastUpgradeCheck = 1540;
				TargetAttributes = {
					B96197B82C3EC8BA0038BB23 = {
						CreatedOnToolsVersion = 15.4;
					};
					B961983D2C425AE30038BB23 = {
						CreatedOnToolsVersion = 15.4;
						TestTargetID = B96197B82C3EC8BA0038BB23;
					};
				};
			};
			buildConfigurationList = B96197B42C3EC8BA0038BB23 /* Build configuration list for PBXProject "WeatherApp" */;
			compatibilityVersion = "Xcode 14.0";
			developmentRegion = en;
			hasScannedForEncodings = 0;
			knownRegions = (
				en,
				Base,
			);
			mainGroup = B96197B02C3EC8BA0038BB23;
			productRefGroup = B96197BA2C3EC8BA0038BB23 /* Products */;
			projectDirPath = "";
			projectRoot = "";
			targets = (
				B96197B82C3EC8BA0038BB23 /* WeatherApp */,
				B961983D2C425AE30038BB23 /* WeatherAppTests */,
			);
		};
/* End PBXProject section */

/* Begin PBXResourcesBuildPhase section */
		B96197B72C3EC8BA0038BB23 /* Resources */ = {
			isa = PBXResourcesBuildPhase;
			buildActionMask = 2147483647;
			files = (
				B96197C62C3EC8BB0038BB23 /* Assets.xcassets in Resources */,
				B96197C92C3EC8BB0038BB23 /* Base in Resources */,
			);
			runOnlyForDeploymentPostprocessing = 0;
		};
		B961983C2C425AE30038BB23 /* Resources */ = {
			isa = PBXResourcesBuildPhase;
			buildActionMask = 2147483647;
			files = (
			);
			runOnlyForDeploymentPostprocessing = 0;
		};
/* End PBXResourcesBuildPhase section */

/* Begin PBXSourcesBuildPhase section */
		B96197B52C3EC8BA0038BB23 /* Sources */ = {
			isa = PBXSourcesBuildPhase;
			buildActionMask = 2147483647;
			files = (
				B96198092C4007BF0038BB23 /* WeatherDetailsViewController.swift in Sources */,
				B96197C12C3EC8BA0038BB23 /* HomeViewController.swift in Sources */,
				B96198062C3FF9D60038BB23 /* String+Extension.swift in Sources */,
				B96197F82C3F1AEC0038BB23 /* InformationView.swift in Sources */,
				B96198312C412FDF0038BB23 /* WeatherDetailsView.swift in Sources */,
				B96197BD2C3EC8BA0038BB23 /* AppDelegate.swift in Sources */,
				B96197D92C3ED7500038BB23 /* AdministrativeArea.swift in Sources */,
				B96198172C405CD10038BB23 /* Metric.swift in Sources */,
				B961981B2C405D190038BB23 /* RealFeelMetric.swift in Sources */,
				B961982F2C4064380038BB23 /* WeatherDataRepository.swift in Sources */,
				B96198372C419CE00038BB23 /* WeatherDataNetworkingService.swift in Sources */,
				B961980C2C402B970038BB23 /* HomeViewController+WeatherDetailsDelegate.swift in Sources */,
				B96197F22C3EEA7F0038BB23 /* CityCell.swift in Sources */,
				B961982B2C405E3A0038BB23 /* Minimum.swift in Sources */,
				B96197EF2C3EE97A0038BB23 /* HomeViewController+TableView.swift in Sources */,
				B961981D2C405D450038BB23 /* Wind.swift in Sources */,
				B96198232C405DBD0038BB23 /* Visibility.swift in Sources */,
				B96197FC2C3FE8AB0038BB23 /* HomeViewController+SearchBar.swift in Sources */,
				B96197E42C3EDEAA0038BB23 /* CitiesNetworkingService.swift in Sources */,
				B96198332C4154400038BB23 /* KeyAndValueView.swift in Sources */,
				B96197FA2C3FD7AB0038BB23 /* AppIcon.swift in Sources */,
				B961982D2C405E630038BB23 /* Maximum.swift in Sources */,
				B96198012C3FF3550038BB23 /* URLRequestBuilder.swift in Sources */,
				B96197E92C3EE03D0038BB23 /* NetworkingError.swift in Sources */,
				B96197D72C3ED6A40038BB23 /* City.swift in Sources */,
				B96198292C405E1B0038BB23 /* TemperatureRange.swift in Sources */,
				B96198352C418FAA0038BB23 /* LoadingView.swift in Sources */,
				B961980F2C402BDD0038BB23 /* WeatherDetailsDelegate.swift in Sources */,
				B96197E02C3EDD690038BB23 /* Constants.swift in Sources */,
				B96197EC2C3EE5C60038BB23 /* CitiesRepository.swift in Sources */,
				B96198212C405D950038BB23 /* Speed.swift in Sources */,
				B96198032C3FF5680038BB23 /* ResponseValidator.swift in Sources */,
				B96198252C405DD70038BB23 /* Pressure.swift in Sources */,
				B96197FF2C3FF3250038BB23 /* URLProvider.swift in Sources */,
				B96197DB2C3ED83C0038BB23 /* Country.swift in Sources */,
				B961985B2C427F580038BB23 /* AnyWeatherDataRepository.swift in Sources */,
				B96198272C405DF20038BB23 /* TemperatureSummary.swift in Sources */,
				B96198152C405CA90038BB23 /* Temperature.swift in Sources */,
				B96198512C4270AB0038BB23 /* AnyCitiesRepository.swift in Sources */,
				B96198132C40308A0038BB23 /* WeatherData.swift in Sources */,
				B96197E22C3EDDEE0038BB23 /* AnyCitiesNetworkingService.swift in Sources */,
				B96198392C41A0860038BB23 /* AnyWeatherDataNetworkingService.swift in Sources */,
				B96198192C405CEB0038BB23 /* RealFeelTemperature.swift in Sources */,
				B96197BF2C3EC8BA0038BB23 /* SceneDelegate.swift in Sources */,
			);
			runOnlyForDeploymentPostprocessing = 0;
		};
		B961983A2C425AE30038BB23 /* Sources */ = {
			isa = PBXSourcesBuildPhase;
			buildActionMask = 2147483647;
			files = (
				B96198572C427EA30038BB23 /* MockWeatherDataNetworkingService.swift in Sources */,
				B961984A2C425E270038BB23 /* URLRequestBuilderTests.swift in Sources */,
				B96198552C42720D0038BB23 /* CitiesRepositoryTests.swift in Sources */,
				B96198482C425C540038BB23 /* URLProviderTests.swift in Sources */,
				B96198532C4270F20038BB23 /* MockCitiesNetworkingService.swift in Sources */,
				B961984C2C42652C0038BB23 /* ResponseValidatorTests.swift in Sources */,
				B96198592C427F4D0038BB23 /* WeatherDataRepositoryTests.swift in Sources */,
			);
			runOnlyForDeploymentPostprocessing = 0;
		};
/* End PBXSourcesBuildPhase section */

/* Begin PBXTargetDependency section */
		B96198432C425AE30038BB23 /* PBXTargetDependency */ = {
			isa = PBXTargetDependency;
			target = B96197B82C3EC8BA0038BB23 /* WeatherApp */;
			targetProxy = B96198422C425AE30038BB23 /* PBXContainerItemProxy */;
		};
/* End PBXTargetDependency section */

/* Begin PBXVariantGroup section */
		B96197C72C3EC8BB0038BB23 /* LaunchScreen.storyboard */ = {
			isa = PBXVariantGroup;
			children = (
				B96197C82C3EC8BB0038BB23 /* Base */,
			);
			name = LaunchScreen.storyboard;
			sourceTree = "<group>";
		};
/* End PBXVariantGroup section */

/* Begin XCBuildConfiguration section */
		B96197CB2C3EC8BB0038BB23 /* Debug */ = {
			isa = XCBuildConfiguration;
			buildSettings = {
				ALWAYS_SEARCH_USER_PATHS = NO;
				ASSETCATALOG_COMPILER_GENERATE_SWIFT_ASSET_SYMBOL_EXTENSIONS = YES;
				CLANG_ANALYZER_NONNULL = YES;
				CLANG_ANALYZER_NUMBER_OBJECT_CONVERSION = YES_AGGRESSIVE;
				CLANG_CXX_LANGUAGE_STANDARD = "gnu++20";
				CLANG_ENABLE_MODULES = YES;
				CLANG_ENABLE_OBJC_ARC = YES;
				CLANG_ENABLE_OBJC_WEAK = YES;
				CLANG_WARN_BLOCK_CAPTURE_AUTORELEASING = YES;
				CLANG_WARN_BOOL_CONVERSION = YES;
				CLANG_WARN_COMMA = YES;
				CLANG_WARN_CONSTANT_CONVERSION = YES;
				CLANG_WARN_DEPRECATED_OBJC_IMPLEMENTATIONS = YES;
				CLANG_WARN_DIRECT_OBJC_ISA_USAGE = YES_ERROR;
				CLANG_WARN_DOCUMENTATION_COMMENTS = YES;
				CLANG_WARN_EMPTY_BODY = YES;
				CLANG_WARN_ENUM_CONVERSION = YES;
				CLANG_WARN_INFINITE_RECURSION = YES;
				CLANG_WARN_INT_CONVERSION = YES;
				CLANG_WARN_NON_LITERAL_NULL_CONVERSION = YES;
				CLANG_WARN_OBJC_IMPLICIT_RETAIN_SELF = YES;
				CLANG_WARN_OBJC_LITERAL_CONVERSION = YES;
				CLANG_WARN_OBJC_ROOT_CLASS = YES_ERROR;
				CLANG_WARN_QUOTED_INCLUDE_IN_FRAMEWORK_HEADER = YES;
				CLANG_WARN_RANGE_LOOP_ANALYSIS = YES;
				CLANG_WARN_STRICT_PROTOTYPES = YES;
				CLANG_WARN_SUSPICIOUS_MOVE = YES;
				CLANG_WARN_UNGUARDED_AVAILABILITY = YES_AGGRESSIVE;
				CLANG_WARN_UNREACHABLE_CODE = YES;
				CLANG_WARN__DUPLICATE_METHOD_MATCH = YES;
				COPY_PHASE_STRIP = NO;
				DEBUG_INFORMATION_FORMAT = dwarf;
				ENABLE_STRICT_OBJC_MSGSEND = YES;
				ENABLE_TESTABILITY = YES;
				ENABLE_USER_SCRIPT_SANDBOXING = YES;
				GCC_C_LANGUAGE_STANDARD = gnu17;
				GCC_DYNAMIC_NO_PIC = NO;
				GCC_NO_COMMON_BLOCKS = YES;
				GCC_OPTIMIZATION_LEVEL = 0;
				GCC_PREPROCESSOR_DEFINITIONS = (
					"DEBUG=1",
					"$(inherited)",
				);
				GCC_WARN_64_TO_32_BIT_CONVERSION = YES;
				GCC_WARN_ABOUT_RETURN_TYPE = YES_ERROR;
				GCC_WARN_UNDECLARED_SELECTOR = YES;
				GCC_WARN_UNINITIALIZED_AUTOS = YES_AGGRESSIVE;
				GCC_WARN_UNUSED_FUNCTION = YES;
				GCC_WARN_UNUSED_VARIABLE = YES;
				IPHONEOS_DEPLOYMENT_TARGET = 13.0;
				LOCALIZATION_PREFERS_STRING_CATALOGS = YES;
				MTL_ENABLE_DEBUG_INFO = INCLUDE_SOURCE;
				MTL_FAST_MATH = YES;
				ONLY_ACTIVE_ARCH = YES;
				SDKROOT = iphoneos;
				SWIFT_ACTIVE_COMPILATION_CONDITIONS = "DEBUG $(inherited)";
				SWIFT_OPTIMIZATION_LEVEL = "-Onone";
			};
			name = Debug;
		};
		B96197CC2C3EC8BB0038BB23 /* Release */ = {
			isa = XCBuildConfiguration;
			buildSettings = {
				ALWAYS_SEARCH_USER_PATHS = NO;
				ASSETCATALOG_COMPILER_GENERATE_SWIFT_ASSET_SYMBOL_EXTENSIONS = YES;
				CLANG_ANALYZER_NONNULL = YES;
				CLANG_ANALYZER_NUMBER_OBJECT_CONVERSION = YES_AGGRESSIVE;
				CLANG_CXX_LANGUAGE_STANDARD = "gnu++20";
				CLANG_ENABLE_MODULES = YES;
				CLANG_ENABLE_OBJC_ARC = YES;
				CLANG_ENABLE_OBJC_WEAK = YES;
				CLANG_WARN_BLOCK_CAPTURE_AUTORELEASING = YES;
				CLANG_WARN_BOOL_CONVERSION = YES;
				CLANG_WARN_COMMA = YES;
				CLANG_WARN_CONSTANT_CONVERSION = YES;
				CLANG_WARN_DEPRECATED_OBJC_IMPLEMENTATIONS = YES;
				CLANG_WARN_DIRECT_OBJC_ISA_USAGE = YES_ERROR;
				CLANG_WARN_DOCUMENTATION_COMMENTS = YES;
				CLANG_WARN_EMPTY_BODY = YES;
				CLANG_WARN_ENUM_CONVERSION = YES;
				CLANG_WARN_INFINITE_RECURSION = YES;
				CLANG_WARN_INT_CONVERSION = YES;
				CLANG_WARN_NON_LITERAL_NULL_CONVERSION = YES;
				CLANG_WARN_OBJC_IMPLICIT_RETAIN_SELF = YES;
				CLANG_WARN_OBJC_LITERAL_CONVERSION = YES;
				CLANG_WARN_OBJC_ROOT_CLASS = YES_ERROR;
				CLANG_WARN_QUOTED_INCLUDE_IN_FRAMEWORK_HEADER = YES;
				CLANG_WARN_RANGE_LOOP_ANALYSIS = YES;
				CLANG_WARN_STRICT_PROTOTYPES = YES;
				CLANG_WARN_SUSPICIOUS_MOVE = YES;
				CLANG_WARN_UNGUARDED_AVAILABILITY = YES_AGGRESSIVE;
				CLANG_WARN_UNREACHABLE_CODE = YES;
				CLANG_WARN__DUPLICATE_METHOD_MATCH = YES;
				COPY_PHASE_STRIP = NO;
				DEBUG_INFORMATION_FORMAT = "dwarf-with-dsym";
				ENABLE_NS_ASSERTIONS = NO;
				ENABLE_STRICT_OBJC_MSGSEND = YES;
				ENABLE_USER_SCRIPT_SANDBOXING = YES;
				GCC_C_LANGUAGE_STANDARD = gnu17;
				GCC_NO_COMMON_BLOCKS = YES;
				GCC_WARN_64_TO_32_BIT_CONVERSION = YES;
				GCC_WARN_ABOUT_RETURN_TYPE = YES_ERROR;
				GCC_WARN_UNDECLARED_SELECTOR = YES;
				GCC_WARN_UNINITIALIZED_AUTOS = YES_AGGRESSIVE;
				GCC_WARN_UNUSED_FUNCTION = YES;
				GCC_WARN_UNUSED_VARIABLE = YES;
				IPHONEOS_DEPLOYMENT_TARGET = 13.0;
				LOCALIZATION_PREFERS_STRING_CATALOGS = YES;
				MTL_ENABLE_DEBUG_INFO = NO;
				MTL_FAST_MATH = YES;
				SDKROOT = iphoneos;
				SWIFT_COMPILATION_MODE = wholemodule;
				VALIDATE_PRODUCT = YES;
			};
			name = Release;
		};
		B96197CE2C3EC8BB0038BB23 /* Debug */ = {
			isa = XCBuildConfiguration;
			buildSettings = {
				ASSETCATALOG_COMPILER_APPICON_NAME = AppIcon;
				ASSETCATALOG_COMPILER_GLOBAL_ACCENT_COLOR_NAME = AccentColor;
				CODE_SIGN_STYLE = Automatic;
				CURRENT_PROJECT_VERSION = 1;
				DEVELOPMENT_TEAM = 88BPULM32K;
				GENERATE_INFOPLIST_FILE = YES;
				INFOPLIST_FILE = WeatherApp/Info.plist;
				INFOPLIST_KEY_UIApplicationSupportsIndirectInputEvents = YES;
				INFOPLIST_KEY_UILaunchStoryboardName = LaunchScreen;
				INFOPLIST_KEY_UIRequiresFullScreen = NO;
				INFOPLIST_KEY_UISupportedInterfaceOrientations = UIInterfaceOrientationPortrait;
				INFOPLIST_KEY_UISupportedInterfaceOrientations_iPad = "UIInterfaceOrientationPortrait UIInterfaceOrientationPortraitUpsideDown";
				IPHONEOS_DEPLOYMENT_TARGET = 13.0;
				LD_RUNPATH_SEARCH_PATHS = (
					"$(inherited)",
					"@executable_path/Frameworks",
				);
				MARKETING_VERSION = 1.0;
				PRODUCT_BUNDLE_IDENTIFIER = pl.sebastianmaludzinski.WeatherApp;
				PRODUCT_NAME = "$(TARGET_NAME)";
				SUPPORTED_PLATFORMS = "iphoneos iphonesimulator";
				SUPPORTS_MACCATALYST = NO;
				SUPPORTS_MAC_DESIGNED_FOR_IPHONE_IPAD = NO;
				SUPPORTS_XR_DESIGNED_FOR_IPHONE_IPAD = NO;
				SWIFT_EMIT_LOC_STRINGS = YES;
				SWIFT_VERSION = 5.0;
				TARGETED_DEVICE_FAMILY = "1,2";
			};
			name = Debug;
		};
		B96197CF2C3EC8BB0038BB23 /* Release */ = {
			isa = XCBuildConfiguration;
			buildSettings = {
				ASSETCATALOG_COMPILER_APPICON_NAME = AppIcon;
				ASSETCATALOG_COMPILER_GLOBAL_ACCENT_COLOR_NAME = AccentColor;
				CODE_SIGN_STYLE = Automatic;
				CURRENT_PROJECT_VERSION = 1;
				DEVELOPMENT_TEAM = 88BPULM32K;
				GENERATE_INFOPLIST_FILE = YES;
				INFOPLIST_FILE = WeatherApp/Info.plist;
				INFOPLIST_KEY_UIApplicationSupportsIndirectInputEvents = YES;
				INFOPLIST_KEY_UILaunchStoryboardName = LaunchScreen;
				INFOPLIST_KEY_UIRequiresFullScreen = NO;
				INFOPLIST_KEY_UISupportedInterfaceOrientations = UIInterfaceOrientationPortrait;
				INFOPLIST_KEY_UISupportedInterfaceOrientations_iPad = "UIInterfaceOrientationPortrait UIInterfaceOrientationPortraitUpsideDown";
				IPHONEOS_DEPLOYMENT_TARGET = 13.0;
				LD_RUNPATH_SEARCH_PATHS = (
					"$(inherited)",
					"@executable_path/Frameworks",
				);
				MARKETING_VERSION = 1.0;
				PRODUCT_BUNDLE_IDENTIFIER = pl.sebastianmaludzinski.WeatherApp;
				PRODUCT_NAME = "$(TARGET_NAME)";
				SUPPORTED_PLATFORMS = "iphoneos iphonesimulator";
				SUPPORTS_MACCATALYST = NO;
				SUPPORTS_MAC_DESIGNED_FOR_IPHONE_IPAD = NO;
				SUPPORTS_XR_DESIGNED_FOR_IPHONE_IPAD = NO;
				SWIFT_EMIT_LOC_STRINGS = YES;
				SWIFT_VERSION = 5.0;
				TARGETED_DEVICE_FAMILY = "1,2";
			};
			name = Release;
		};
		B96198452C425AE30038BB23 /* Debug */ = {
			isa = XCBuildConfiguration;
			buildSettings = {
				BUNDLE_LOADER = "$(TEST_HOST)";
				CODE_SIGN_STYLE = Automatic;
				CURRENT_PROJECT_VERSION = 1;
				DEVELOPMENT_TEAM = 88BPULM32K;
				GENERATE_INFOPLIST_FILE = YES;
				IPHONEOS_DEPLOYMENT_TARGET = 13.0;
				MARKETING_VERSION = 1.0;
				PRODUCT_BUNDLE_IDENTIFIER = pl.sebastianmaludzinski.WeatherAppTests;
				PRODUCT_NAME = "$(TARGET_NAME)";
				SUPPORTED_PLATFORMS = "iphoneos iphonesimulator";
				SUPPORTS_MACCATALYST = NO;
				SUPPORTS_MAC_DESIGNED_FOR_IPHONE_IPAD = NO;
				SUPPORTS_XR_DESIGNED_FOR_IPHONE_IPAD = NO;
				SWIFT_EMIT_LOC_STRINGS = NO;
				SWIFT_VERSION = 5.0;
				TARGETED_DEVICE_FAMILY = "1,2";
				TEST_HOST = "$(BUILT_PRODUCTS_DIR)/WeatherApp.app/$(BUNDLE_EXECUTABLE_FOLDER_PATH)/WeatherApp";
			};
			name = Debug;
		};
		B96198462C425AE30038BB23 /* Release */ = {
			isa = XCBuildConfiguration;
			buildSettings = {
				BUNDLE_LOADER = "$(TEST_HOST)";
				CODE_SIGN_STYLE = Automatic;
				CURRENT_PROJECT_VERSION = 1;
				DEVELOPMENT_TEAM = 88BPULM32K;
				GENERATE_INFOPLIST_FILE = YES;
				IPHONEOS_DEPLOYMENT_TARGET = 13.0;
				MARKETING_VERSION = 1.0;
				PRODUCT_BUNDLE_IDENTIFIER = pl.sebastianmaludzinski.WeatherAppTests;
				PRODUCT_NAME = "$(TARGET_NAME)";
				SUPPORTED_PLATFORMS = "iphoneos iphonesimulator";
				SUPPORTS_MACCATALYST = NO;
				SUPPORTS_MAC_DESIGNED_FOR_IPHONE_IPAD = NO;
				SUPPORTS_XR_DESIGNED_FOR_IPHONE_IPAD = NO;
				SWIFT_EMIT_LOC_STRINGS = NO;
				SWIFT_VERSION = 5.0;
				TARGETED_DEVICE_FAMILY = "1,2";
				TEST_HOST = "$(BUILT_PRODUCTS_DIR)/WeatherApp.app/$(BUNDLE_EXECUTABLE_FOLDER_PATH)/WeatherApp";
			};
			name = Release;
		};
/* End XCBuildConfiguration section */

/* Begin XCConfigurationList section */
		B96197B42C3EC8BA0038BB23 /* Build configuration list for PBXProject "WeatherApp" */ = {
			isa = XCConfigurationList;
			buildConfigurations = (
				B96197CB2C3EC8BB0038BB23 /* Debug */,
				B96197CC2C3EC8BB0038BB23 /* Release */,
			);
			defaultConfigurationIsVisible = 0;
			defaultConfigurationName = Release;
		};
		B96197CD2C3EC8BB0038BB23 /* Build configuration list for PBXNativeTarget "WeatherApp" */ = {
			isa = XCConfigurationList;
			buildConfigurations = (
				B96197CE2C3EC8BB0038BB23 /* Debug */,
				B96197CF2C3EC8BB0038BB23 /* Release */,
			);
			defaultConfigurationIsVisible = 0;
			defaultConfigurationName = Release;
		};
		B96198442C425AE30038BB23 /* Build configuration list for PBXNativeTarget "WeatherAppTests" */ = {
			isa = XCConfigurationList;
			buildConfigurations = (
				B96198452C425AE30038BB23 /* Debug */,
				B96198462C425AE30038BB23 /* Release */,
			);
			defaultConfigurationIsVisible = 0;
			defaultConfigurationName = Release;
		};
/* End XCConfigurationList section */
	};
	rootObject = B96197B12C3EC8BA0038BB23 /* Project object */;
}
